
Microsoft Visual Studio Solution File, Format Version 12.00
# Visual Studio Version 17
VisualStudioVersion = 17.10.35027.167
MinimumVisualStudioVersion = 10.0.40219.1
Project("{9A19103F-16F7-4668-BE54-9A1E7A4F7556}") = "Api", "Api\Api.csproj", "{DADE9778-8361-41E3-BF0B-E387B1274A67}"
EndProject
Project("{9A19103F-16F7-4668-BE54-9A1E7A4F7556}") = "Application", "Application\Application.csproj", "{FB3DF3A2-5860-434E-AA54-E2F84337AEAC}"
EndProject
Project("{9A19103F-16F7-4668-BE54-9A1E7A4F7556}") = "Domain", "Domain\Domain.csproj", "{13FABD65-B5DF-4270-B33F-7D196D4517A4}"
EndProject
Project("{9A19103F-16F7-4668-BE54-9A1E7A4F7556}") = "Infrastructure.DataBase", "Infrastructure.DataBase\Infrastructure.DataBase.csproj", "{EF8CF5B2-F170-4230-896F-A9915A66094F}"
EndProject
Global
	GlobalSection(SolutionConfigurationPlatforms) = preSolution
		Debug|Any CPU = Debug|Any CPU
		Release|Any CPU = Release|Any CPU
	EndGlobalSection
	GlobalSection(ProjectConfigurationPlatforms) = postSolution
		{DADE9778-8361-41E3-BF0B-E387B1274A67}.Debug|Any CPU.ActiveCfg = Debug|Any CPU
		{DADE9778-8361-41E3-BF0B-E387B1274A67}.Debug|Any CPU.Build.0 = Debug|Any CPU
		{DADE9778-8361-41E3-BF0B-E387B1274A67}.Release|Any CPU.ActiveCfg = Release|Any CPU
		{DADE9778-8361-41E3-BF0B-E387B1274A67}.Release|Any CPU.Build.0 = Release|Any CPU
		{FB3DF3A2-5860-434E-AA54-E2F84337AEAC}.Debug|Any CPU.ActiveCfg = Debug|Any CPU
		{FB3DF3A2-5860-434E-AA54-E2F84337AEAC}.Debug|Any CPU.Build.0 = Debug|Any CPU
		{FB3DF3A2-5860-434E-AA54-E2F84337AEAC}.Release|Any CPU.ActiveCfg = Release|Any CPU
		{FB3DF3A2-5860-434E-AA54-E2F84337AEAC}.Release|Any CPU.Build.0 = Release|Any CPU
		{13FABD65-B5DF-4270-B33F-7D196D4517A4}.Debug|Any CPU.ActiveCfg = Debug|Any CPU
		{13FABD65-B5DF-4270-B33F-7D196D4517A4}.Debug|Any CPU.Build.0 = Debug|Any CPU
		{13FABD65-B5DF-4270-B33F-7D196D4517A4}.Release|Any CPU.ActiveCfg = Release|Any CPU
		{13FABD65-B5DF-4270-B33F-7D196D4517A4}.Release|Any CPU.Build.0 = Release|Any CPU
		{EF8CF5B2-F170-4230-896F-A9915A66094F}.Debug|Any CPU.ActiveCfg = Debug|Any CPU
		{EF8CF5B2-F170-4230-896F-A9915A66094F}.Debug|Any CPU.Build.0 = Debug|Any CPU
		{EF8CF5B2-F170-4230-896F-A9915A66094F}.Release|Any CPU.ActiveCfg = Release|Any CPU
		{EF8CF5B2-F170-4230-896F-A9915A66094F}.Release|Any CPU.Build.0 = Release|Any CPU
	EndGlobalSection
	GlobalSection(SolutionProperties) = preSolution
		HideSolutionNode = FALSE
	EndGlobalSection
	GlobalSection(ExtensibilityGlobals) = postSolution
		SolutionGuid = {68E16D5B-F571-4917-8CF2-039A7EA7F129}
	EndGlobalSection
EndGlobal
